
Microsoft Visual Studio Solution File, Format Version 12.00
# Visual Studio Version 17
VisualStudioVersion = 17.10.35027.167
MinimumVisualStudioVersion = 10.0.40219.1
Project("{FAE04EC0-301F-11D3-BF4B-00C04F79EFBC}") = "EncapsulationProject", "EncapsulationProject.csproj", "{12C2FF36-46D2-48E7-8468-9C709893AD21}"
EndProject
Global
	GlobalSection(SolutionConfigurationPlatforms) = preSolution
		Debug|Any CPU = Debug|Any CPU
		Release|Any CPU = Release|Any CPU
	EndGlobalSection
	GlobalSection(ProjectConfigurationPlatforms) = postSolution
		{12C2FF36-46D2-48E7-8468-9C709893AD21}.Debug|Any CPU.ActiveCfg = Debug|Any CPU
		{12C2FF36-46D2-48E7-8468-9C709893AD21}.Debug|Any CPU.Build.0 = Debug|Any CPU
		{12C2FF36-46D2-48E7-8468-9C709893AD21}.Release|Any CPU.ActiveCfg = Release|Any CPU
		{12C2FF36-46D2-48E7-8468-9C709893AD21}.Release|Any CPU.Build.0 = Release|Any CPU
	EndGlobalSection
	GlobalSection(SolutionProperties) = preSolution
		HideSolutionNode = FALSE
	EndGlobalSection
	GlobalSection(ExtensibilityGlobals) = postSolution
		SolutionGuid = {D1C1F4A7-467E-48CB-83A1-D0D0425B30BD}
	EndGlobalSection
EndGlobal
